// !$*UTF8*$!
{
	archiveVersion = 1;
	classes = {
	};
	objectVersion = 48;
	objects = {

/* Begin PBXBuildFile section */
		7647F9A0206D55410039120A /* AppDelegate.swift in Sources */ = {isa = PBXBuildFile; fileRef = 7647F99F206D55410039120A /* AppDelegate.swift */; };
		7647F9A2206D55410039120A /* ViewController.swift in Sources */ = {isa = PBXBuildFile; fileRef = 7647F9A1206D55410039120A /* ViewController.swift */; };
		7647F9A5206D55410039120A /* Main.storyboard in Resources */ = {isa = PBXBuildFile; fileRef = 7647F9A3206D55410039120A /* Main.storyboard */; };
		7647F9A7206D55410039120A /* Assets.xcassets in Resources */ = {isa = PBXBuildFile; fileRef = 7647F9A6206D55410039120A /* Assets.xcassets */; };
		7647F9AA206D55410039120A /* LaunchScreen.storyboard in Resources */ = {isa = PBXBuildFile; fileRef = 7647F9A8206D55410039120A /* LaunchScreen.storyboard */; };
		7647F9B5206D55420039120A /* LoteriaTests.swift in Sources */ = {isa = PBXBuildFile; fileRef = 7647F9B4206D55420039120A /* LoteriaTests.swift */; };
		7647F9C0206D55420039120A /* LoteriaUITests.swift in Sources */ = {isa = PBXBuildFile; fileRef = 7647F9BF206D55420039120A /* LoteriaUITests.swift */; };
/* End PBXBuildFile section */

/* Begin PBXContainerItemProxy section */
		7647F9B1206D55420039120A /* PBXContainerItemProxy */ = {
			isa = PBXContainerItemProxy;
			containerPortal = 7647F994206D55410039120A /* Project object */;
			proxyType = 1;
			remoteGlobalIDString = 7647F99B206D55410039120A;
			remoteInfo = Loteria;
		};
		7647F9BC206D55420039120A /* PBXContainerItemProxy */ = {
			isa = PBXContainerItemProxy;
			containerPortal = 7647F994206D55410039120A /* Project object */;
			proxyType = 1;
			remoteGlobalIDString = 7647F99B206D55410039120A;
			remoteInfo = Loteria;
		};
/* End PBXContainerItemProxy section */

/* Begin PBXFileReference section */
		7647F99C206D55410039120A /* Loteria.app */ = {isa = PBXFileReference; explicitFileType = wrapper.application; includeInIndex = 0; path = Loteria.app; sourceTree = BUILT_PRODUCTS_DIR; };
		7647F99F206D55410039120A /* AppDelegate.swift */ = {isa = PBXFileReference; lastKnownFileType = sourcecode.swift; path = AppDelegate.swift; sourceTree = "<group>"; };
		7647F9A1206D55410039120A /* ViewController.swift */ = {isa = PBXFileReference; lastKnownFileType = sourcecode.swift; path = ViewController.swift; sourceTree = "<group>"; };
		7647F9A4206D55410039120A /* Base */ = {isa = PBXFileReference; lastKnownFileType = file.storyboard; name = Base; path = Base.lproj/Main.storyboard; sourceTree = "<group>"; };
		7647F9A6206D55410039120A /* Assets.xcassets */ = {isa = PBXFileReference; lastKnownFileType = folder.assetcatalog; path = Assets.xcassets; sourceTree = "<group>"; };
		7647F9A9206D55410039120A /* Base */ = {isa = PBXFileReference; lastKnownFileType = file.storyboard; name = Base; path = Base.lproj/LaunchScreen.storyboard; sourceTree = "<group>"; };
		7647F9AB206D55420039120A /* Info.plist */ = {isa = PBXFileReference; lastKnownFileType = text.plist.xml; path = Info.plist; sourceTree = "<group>"; };
		7647F9B0206D55420039120A /* LoteriaTests.xctest */ = {isa = PBXFileReference; explicitFileType = wrapper.cfbundle; includeInIndex = 0; path = LoteriaTests.xctest; sourceTree = BUILT_PRODUCTS_DIR; };
		7647F9B4206D55420039120A /* LoteriaTests.swift */ = {isa = PBXFileReference; lastKnownFileType = sourcecode.swift; path = LoteriaTests.swift; sourceTree = "<group>"; };
		7647F9B6206D55420039120A /* Info.plist */ = {isa = PBXFileReference; lastKnownFileType = text.plist.xml; path = Info.plist; sourceTree = "<group>"; };
		7647F9BB206D55420039120A /* LoteriaUITests.xctest */ = {isa = PBXFileReference; explicitFileType = wrapper.cfbundle; includeInIndex = 0; path = LoteriaUITests.xctest; sourceTree = BUILT_PRODUCTS_DIR; };
		7647F9BF206D55420039120A /* LoteriaUITests.swift */ = {isa = PBXFileReference; lastKnownFileType = sourcecode.swift; path = LoteriaUITests.swift; sourceTree = "<group>"; };
		7647F9C1206D55420039120A /* Info.plist */ = {isa = PBXFileReference; lastKnownFileType = text.plist.xml; path = Info.plist; sourceTree = "<group>"; };
/* End PBXFileReference section */

/* Begin PBXFrameworksBuildPhase section */
		7647F999206D55410039120A /* Frameworks */ = {
			isa = PBXFrameworksBuildPhase;
			buildActionMask = 2147483647;
			files = (
			);
			runOnlyForDeploymentPostprocessing = 0;
		};
		7647F9AD206D55420039120A /* Frameworks */ = {
			isa = PBXFrameworksBuildPhase;
			buildActionMask = 2147483647;
			files = (
			);
			runOnlyForDeploymentPostprocessing = 0;
		};
		7647F9B8206D55420039120A /* Frameworks */ = {
			isa = PBXFrameworksBuildPhase;
			buildActionMask = 2147483647;
			files = (
			);
			runOnlyForDeploymentPostprocessing = 0;
		};
/* End PBXFrameworksBuildPhase section */

/* Begin PBXGroup section */
		7647F993206D55410039120A = {
			isa = PBXGroup;
			children = (
				7647F99E206D55410039120A /* Loteria */,
				7647F9B3206D55420039120A /* LoteriaTests */,
				7647F9BE206D55420039120A /* LoteriaUITests */,
				7647F99D206D55410039120A /* Products */,
			);
			sourceTree = "<group>";
		};
		7647F99D206D55410039120A /* Products */ = {
			isa = PBXGroup;
			children = (
				7647F99C206D55410039120A /* Loteria.app */,
				7647F9B0206D55420039120A /* LoteriaTests.xctest */,
				7647F9BB206D55420039120A /* LoteriaUITests.xctest */,
			);
			name = Products;
			sourceTree = "<group>";
		};
		7647F99E206D55410039120A /* Loteria */ = {
			isa = PBXGroup;
			children = (
				7647F99F206D55410039120A /* AppDelegate.swift */,
				7647F9A1206D55410039120A /* ViewController.swift */,
				7647F9A3206D55410039120A /* Main.storyboard */,
				7647F9A6206D55410039120A /* Assets.xcassets */,
				7647F9A8206D55410039120A /* LaunchScreen.storyboard */,
				7647F9AB206D55420039120A /* Info.plist */,
			);
			path = Loteria;
			sourceTree = "<group>";
		};
		7647F9B3206D55420039120A /* LoteriaTests */ = {
			isa = PBXGroup;
			children = (
				7647F9B4206D55420039120A /* LoteriaTests.swift */,
				7647F9B6206D55420039120A /* Info.plist */,
			);
			path = LoteriaTests;
			sourceTree = "<group>";
		};
		7647F9BE206D55420039120A /* LoteriaUITests */ = {
			isa = PBXGroup;
			children = (
				7647F9BF206D55420039120A /* LoteriaUITests.swift */,
				7647F9C1206D55420039120A /* Info.plist */,
			);
			path = LoteriaUITests;
			sourceTree = "<group>";
		};
/* End PBXGroup section */

/* Begin PBXNativeTarget section */
		7647F99B206D55410039120A /* Loteria */ = {
			isa = PBXNativeTarget;
			buildConfigurationList = 7647F9C4206D55420039120A /* Build configuration list for PBXNativeTarget "Loteria" */;
			buildPhases = (
				7647F998206D55410039120A /* Sources */,
				7647F999206D55410039120A /* Frameworks */,
				7647F99A206D55410039120A /* Resources */,
			);
			buildRules = (
			);
			dependencies = (
			);
			name = Loteria;
			productName = Loteria;
			productReference = 7647F99C206D55410039120A /* Loteria.app */;
			productType = "com.apple.product-type.application";
		};
		7647F9AF206D55420039120A /* LoteriaTests */ = {
			isa = PBXNativeTarget;
			buildConfigurationList = 7647F9C7206D55420039120A /* Build configuration list for PBXNativeTarget "LoteriaTests" */;
			buildPhases = (
				7647F9AC206D55420039120A /* Sources */,
				7647F9AD206D55420039120A /* Frameworks */,
				7647F9AE206D55420039120A /* Resources */,
			);
			buildRules = (
			);
			dependencies = (
				7647F9B2206D55420039120A /* PBXTargetDependency */,
			);
			name = LoteriaTests;
			productName = LoteriaTests;
			productReference = 7647F9B0206D55420039120A /* LoteriaTests.xctest */;
			productType = "com.apple.product-type.bundle.unit-test";
		};
		7647F9BA206D55420039120A /* LoteriaUITests */ = {
			isa = PBXNativeTarget;
			buildConfigurationList = 7647F9CA206D55420039120A /* Build configuration list for PBXNativeTarget "LoteriaUITests" */;
			buildPhases = (
				7647F9B7206D55420039120A /* Sources */,
				7647F9B8206D55420039120A /* Frameworks */,
				7647F9B9206D55420039120A /* Resources */,
			);
			buildRules = (
			);
			dependencies = (
				7647F9BD206D55420039120A /* PBXTargetDependency */,
			);
			name = LoteriaUITests;
			productName = LoteriaUITests;
			productReference = 7647F9BB206D55420039120A /* LoteriaUITests.xctest */;
			productType = "com.apple.product-type.bundle.ui-testing";
		};
/* End PBXNativeTarget section */

/* Begin PBXProject section */
		7647F994206D55410039120A /* Project object */ = {
			isa = PBXProject;
			attributes = {
				LastSwiftUpdateCheck = 0920;
				LastUpgradeCheck = 0920;
				ORGANIZATIONNAME = "Roger Tosin";
				TargetAttributes = {
					7647F99B206D55410039120A = {
						CreatedOnToolsVersion = 9.2;
						ProvisioningStyle = Automatic;
					};
					7647F9AF206D55420039120A = {
						CreatedOnToolsVersion = 9.2;
						ProvisioningStyle = Automatic;
						TestTargetID = 7647F99B206D55410039120A;
					};
					7647F9BA206D55420039120A = {
						CreatedOnToolsVersion = 9.2;
						ProvisioningStyle = Automatic;
						TestTargetID = 7647F99B206D55410039120A;
					};
				};
			};
			buildConfigurationList = 7647F997206D55410039120A /* Build configuration list for PBXProject "Loteria" */;
			compatibilityVersion = "Xcode 8.0";
			developmentRegion = en;
			hasScannedForEncodings = 0;
			knownRegions = (
				en,
				Base,
			);
			mainGroup = 7647F993206D55410039120A;
			productRefGroup = 7647F99D206D55410039120A /* Products */;
			projectDirPath = "";
			projectRoot = "";
			targets = (
				7647F99B206D55410039120A /* Loteria */,
				7647F9AF206D55420039120A /* LoteriaTests */,
				7647F9BA206D55420039120A /* LoteriaUITests */,
			);
		};
/* End PBXProject section */

/* Begin PBXResourcesBuildPhase section */
		7647F99A206D55410039120A /* Resources */ = {
			isa = PBXResourcesBuildPhase;
			buildActionMask = 2147483647;
			files = (
				7647F9AA206D55410039120A /* LaunchScreen.storyboard in Resources */,
				7647F9A7206D55410039120A /* Assets.xcassets in Resources */,
				7647F9A5206D55410039120A /* Main.storyboard in Resources */,
			);
			runOnlyForDeploymentPostprocessing = 0;
		};
		7647F9AE206D55420039120A /* Resources */ = {
			isa = PBXResourcesBuildPhase;
			buildActionMask = 2147483647;
			files = (
			);
			runOnlyForDeploymentPostprocessing = 0;
		};
		7647F9B9206D55420039120A /* Resources */ = {
			isa = PBXResourcesBuildPhase;
			buildActionMask = 2147483647;
			files = (
			);
			runOnlyForDeploymentPostprocessing = 0;
		};
/* End PBXResourcesBuildPhase section */

/* Begin PBXSourcesBuildPhase section */
		7647F998206D55410039120A /* Sources */ = {
			isa = PBXSourcesBuildPhase;
			buildActionMask = 2147483647;
			files = (
				7647F9A2206D55410039120A /* ViewController.swift in Sources */,
				7647F9A0206D55410039120A /* AppDelegate.swift in Sources */,
			);
			runOnlyForDeploymentPostprocessing = 0;
		};
		7647F9AC206D55420039120A /* Sources */ = {
			isa = PBXSourcesBuildPhase;
			buildActionMask = 2147483647;
			files = (
				7647F9B5206D55420039120A /* LoteriaTests.swift in Sources */,
			);
			runOnlyForDeploymentPostprocessing = 0;
		};
		7647F9B7206D55420039120A /* Sources */ = {
			isa = PBXSourcesBuildPhase;
			buildActionMask = 2147483647;
			files = (
				7647F9C0206D55420039120A /* LoteriaUITests.swift in Sources */,
			);
			runOnlyForDeploymentPostprocessing = 0;
		};
/* End PBXSourcesBuildPhase section */

/* Begin PBXTargetDependency section */
		7647F9B2206D55420039120A /* PBXTargetDependency */ = {
			isa = PBXTargetDependency;
			target = 7647F99B206D55410039120A /* Loteria */;
			targetProxy = 7647F9B1206D55420039120A /* PBXContainerItemProxy */;
		};
		7647F9BD206D55420039120A /* PBXTargetDependency */ = {
			isa = PBXTargetDependency;
			target = 7647F99B206D55410039120A /* Loteria */;
			targetProxy = 7647F9BC206D55420039120A /* PBXContainerItemProxy */;
		};
/* End PBXTargetDependency section */

/* Begin PBXVariantGroup section */
		7647F9A3206D55410039120A /* Main.storyboard */ = {
			isa = PBXVariantGroup;
			children = (
				7647F9A4206D55410039120A /* Base */,
			);
			name = Main.storyboard;
			sourceTree = "<group>";
		};
		7647F9A8206D55410039120A /* LaunchScreen.storyboard */ = {
			isa = PBXVariantGroup;
			children = (
				7647F9A9206D55410039120A /* Base */,
			);
			name = LaunchScreen.storyboard;
			sourceTree = "<group>";
		};
/* End PBXVariantGroup section */

/* Begin XCBuildConfiguration section */
		7647F9C2206D55420039120A /* Debug */ = {
			isa = XCBuildConfiguration;
			buildSettings = {
				ALWAYS_SEARCH_USER_PATHS = NO;
				CLANG_ANALYZER_NONNULL = YES;
				CLANG_ANALYZER_NUMBER_OBJECT_CONVERSION = YES_AGGRESSIVE;
				CLANG_CXX_LANGUAGE_STANDARD = "gnu++14";
				CLANG_CXX_LIBRARY = "libc++";
				CLANG_ENABLE_MODULES = YES;
				CLANG_ENABLE_OBJC_ARC = YES;
				CLANG_WARN_BLOCK_CAPTURE_AUTORELEASING = YES;
				CLANG_WARN_BOOL_CONVERSION = YES;
				CLANG_WARN_COMMA = YES;
				CLANG_WARN_CONSTANT_CONVERSION = YES;
				CLANG_WARN_DIRECT_OBJC_ISA_USAGE = YES_ERROR;
				CLANG_WARN_DOCUMENTATION_COMMENTS = YES;
				CLANG_WARN_EMPTY_BODY = YES;
				CLANG_WARN_ENUM_CONVERSION = YES;
				CLANG_WARN_INFINITE_RECURSION = YES;
				CLANG_WARN_INT_CONVERSION = YES;
				CLANG_WARN_NON_LITERAL_NULL_CONVERSION = YES;
				CLANG_WARN_OBJC_LITERAL_CONVERSION = YES;
				CLANG_WARN_OBJC_ROOT_CLASS = YES_ERROR;
				CLANG_WARN_RANGE_LOOP_ANALYSIS = YES;
				CLANG_WARN_STRICT_PROTOTYPES = YES;
				CLANG_WARN_SUSPICIOUS_MOVE = YES;
				CLANG_WARN_UNGUARDED_AVAILABILITY = YES_AGGRESSIVE;
				CLANG_WARN_UNREACHABLE_CODE = YES;
				CLANG_WARN__DUPLICATE_METHOD_MATCH = YES;
				CODE_SIGN_IDENTITY = "iPhone Developer";
				COPY_PHASE_STRIP = NO;
				DEBUG_INFORMATION_FORMAT = dwarf;
				ENABLE_STRICT_OBJC_MSGSEND = YES;
				ENABLE_TESTABILITY = YES;
				GCC_C_LANGUAGE_STANDARD = gnu11;
				GCC_DYNAMIC_NO_PIC = NO;
				GCC_NO_COMMON_BLOCKS = YES;
				GCC_OPTIMIZATION_LEVEL = 0;
				GCC_PREPROCESSOR_DEFINITIONS = (
					"DEBUG=1",
					"$(inherited)",
				);
				GCC_WARN_64_TO_32_BIT_CONVERSION = YES;
				GCC_WARN_ABOUT_RETURN_TYPE = YES_ERROR;
				GCC_WARN_UNDECLARED_SELECTOR = YES;
				GCC_WARN_UNINITIALIZED_AUTOS = YES_AGGRESSIVE;
				GCC_WARN_UNUSED_FUNCTION = YES;
				GCC_WARN_UNUSED_VARIABLE = YES;
				IPHONEOS_DEPLOYMENT_TARGET = 11.2;
				MTL_ENABLE_DEBUG_INFO = YES;
				ONLY_ACTIVE_ARCH = YES;
				SDKROOT = iphoneos;
				SWIFT_ACTIVE_COMPILATION_CONDITIONS = DEBUG;
				SWIFT_OPTIMIZATION_LEVEL = "-Onone";
			};
			name = Debug;
		};
		7647F9C3206D55420039120A /* Release */ = {
			isa = XCBuildConfiguration;
			buildSettings = {
				ALWAYS_SEARCH_USER_PATHS = NO;
				CLANG_ANALYZER_NONNULL = YES;
				CLANG_ANALYZER_NUMBER_OBJECT_CONVERSION = YES_AGGRESSIVE;
				CLANG_CXX_LANGUAGE_STANDARD = "gnu++14";
				CLANG_CXX_LIBRARY = "libc++";
				CLANG_ENABLE_MODULES = YES;
				CLANG_ENABLE_OBJC_ARC = YES;
				CLANG_WARN_BLOCK_CAPTURE_AUTORELEASING = YES;
				CLANG_WARN_BOOL_CONVERSION = YES;
				CLANG_WARN_COMMA = YES;
				CLANG_WARN_CONSTANT_CONVERSION = YES;
				CLANG_WARN_DIRECT_OBJC_ISA_USAGE = YES_ERROR;
				CLANG_WARN_DOCUMENTATION_COMMENTS = YES;
				CLANG_WARN_EMPTY_BODY = YES;
				CLANG_WARN_ENUM_CONVERSION = YES;
				CLANG_WARN_INFINITE_RECURSION = YES;
				CLANG_WARN_INT_CONVERSION = YES;
				CLANG_WARN_NON_LITERAL_NULL_CONVERSION = YES;
				CLANG_WARN_OBJC_LITERAL_CONVERSION = YES;
				CLANG_WARN_OBJC_ROOT_CLASS = YES_ERROR;
				CLANG_WARN_RANGE_LOOP_ANALYSIS = YES;
				CLANG_WARN_STRICT_PROTOTYPES = YES;
				CLANG_WARN_SUSPICIOUS_MOVE = YES;
				CLANG_WARN_UNGUARDED_AVAILABILITY = YES_AGGRESSIVE;
				CLANG_WARN_UNREACHABLE_CODE = YES;
				CLANG_WARN__DUPLICATE_METHOD_MATCH = YES;
				CODE_SIGN_IDENTITY = "iPhone Developer";
				COPY_PHASE_STRIP = NO;
				DEBUG_INFORMATION_FORMAT = "dwarf-with-dsym";
				ENABLE_NS_ASSERTIONS = NO;
				ENABLE_STRICT_OBJC_MSGSEND = YES;
				GCC_C_LANGUAGE_STANDARD = gnu11;
				GCC_NO_COMMON_BLOCKS = YES;
				GCC_WARN_64_TO_32_BIT_CONVERSION = YES;
				GCC_WARN_ABOUT_RETURN_TYPE = YES_ERROR;
				GCC_WARN_UNDECLARED_SELECTOR = YES;
				GCC_WARN_UNINITIALIZED_AUTOS = YES_AGGRESSIVE;
				GCC_WARN_UNUSED_FUNCTION = YES;
				GCC_WARN_UNUSED_VARIABLE = YES;
				IPHONEOS_DEPLOYMENT_TARGET = 11.2;
				MTL_ENABLE_DEBUG_INFO = NO;
				SDKROOT = iphoneos;
				SWIFT_OPTIMIZATION_LEVEL = "-Owholemodule";
				VALIDATE_PRODUCT = YES;
			};
			name = Release;
		};
		7647F9C5206D55420039120A /* Debug */ = {
			isa = XCBuildConfiguration;
			buildSettings = {
				ASSETCATALOG_COMPILER_APPICON_NAME = AppIcon;
				CODE_SIGN_STYLE = Automatic;
				INFOPLIST_FILE = Loteria/Info.plist;
				LD_RUNPATH_SEARCH_PATHS = "$(inherited) @executable_path/Frameworks";
				PRODUCT_BUNDLE_IDENTIFIER = com.tosin.Loteria;
				PRODUCT_NAME = "$(TARGET_NAME)";
				SWIFT_VERSION = 4.0;
				TARGETED_DEVICE_FAMILY = "1,2";
			};
			name = Debug;
		};
		7647F9C6206D55420039120A /* Release */ = {
			isa = XCBuildConfiguration;
			buildSettings = {
				ASSETCATALOG_COMPILER_APPICON_NAME = AppIcon;
				CODE_SIGN_STYLE = Automatic;
				INFOPLIST_FILE = Loteria/Info.plist;
				LD_RUNPATH_SEARCH_PATHS = "$(inherited) @executable_path/Frameworks";
				PRODUCT_BUNDLE_IDENTIFIER = com.tosin.Loteria;
				PRODUCT_NAME = "$(TARGET_NAME)";
				SWIFT_VERSION = 4.0;
				TARGETED_DEVICE_FAMILY = "1,2";
			};
			name = Release;
		};
		7647F9C8206D55420039120A /* Debug */ = {
			isa = XCBuildConfiguration;
			buildSettings = {
				ALWAYS_EMBED_SWIFT_STANDARD_LIBRARIES = YES;
				BUNDLE_LOADER = "$(TEST_HOST)";
				CODE_SIGN_STYLE = Automatic;
				INFOPLIST_FILE = LoteriaTests/Info.plist;
				LD_RUNPATH_SEARCH_PATHS = "$(inherited) @executable_path/Frameworks @loader_path/Frameworks";
				PRODUCT_BUNDLE_IDENTIFIER = com.tosin.LoteriaTests;
				PRODUCT_NAME = "$(TARGET_NAME)";
				SWIFT_VERSION = 4.0;
				TARGETED_DEVICE_FAMILY = "1,2";
				TEST_HOST = "$(BUILT_PRODUCTS_DIR)/Loteria.app/Loteria";
			};
			name = Debug;
		};
		7647F9C9206D55420039120A /* Release */ = {
			isa = XCBuildConfiguration;
			buildSettings = {
				ALWAYS_EMBED_SWIFT_STANDARD_LIBRARIES = YES;
				BUNDLE_LOADER = "$(TEST_HOST)";
				CODE_SIGN_STYLE = Automatic;
				INFOPLIST_FILE = LoteriaTests/Info.plist;
				LD_RUNPATH_SEARCH_PATHS = "$(inherited) @executable_path/Frameworks @loader_path/Frameworks";
				PRODUCT_BUNDLE_IDENTIFIER = com.tosin.LoteriaTests;
				PRODUCT_NAME = "$(TARGET_NAME)";
				SWIFT_VERSION = 4.0;
				TARGETED_DEVICE_FAMILY = "1,2";
				TEST_HOST = "$(BUILT_PRODUCTS_DIR)/Loteria.app/Loteria";
			};
			name = Release;
		};
		7647F9CB206D55420039120A /* Debug */ = {
			isa = XCBuildConfiguration;
			buildSettings = {
				ALWAYS_EMBED_SWIFT_STANDARD_LIBRARIES = YES;
				CODE_SIGN_STYLE = Automatic;
				INFOPLIST_FILE = LoteriaUITests/Info.plist;
				LD_RUNPATH_SEARCH_PATHS = "$(inherited) @executable_path/Frameworks @loader_path/Frameworks";
				PRODUCT_BUNDLE_IDENTIFIER = com.tosin.LoteriaUITests;
				PRODUCT_NAME = "$(TARGET_NAME)";
				SWIFT_VERSION = 4.0;
				TARGETED_DEVICE_FAMILY = "1,2";
				TEST_TARGET_NAME = Loteria;
			};
			name = Debug;
		};
		7647F9CC206D55420039120A /* Release */ = {
			isa = XCBuildConfiguration;
			buildSettings = {
				ALWAYS_EMBED_SWIFT_STANDARD_LIBRARIES = YES;
				CODE_SIGN_STYLE = Automatic;
				INFOPLIST_FILE = LoteriaUITests/Info.plist;
				LD_RUNPATH_SEARCH_PATHS = "$(inherited) @executable_path/Frameworks @loader_path/Frameworks";
				PRODUCT_BUNDLE_IDENTIFIER = com.tosin.LoteriaUITests;
				PRODUCT_NAME = "$(TARGET_NAME)";
				SWIFT_VERSION = 4.0;
				TARGETED_DEVICE_FAMILY = "1,2";
				TEST_TARGET_NAME = Loteria;
			};
			name = Release;
		};
/* End XCBuildConfiguration section */

/* Begin XCConfigurationList section */
		7647F997206D55410039120A /* Build configuration list for PBXProject "Loteria" */ = {
			isa = XCConfigurationList;
			buildConfigurations = (
				7647F9C2206D55420039120A /* Debug */,
				7647F9C3206D55420039120A /* Release */,
			);
			defaultConfigurationIsVisible = 0;
			defaultConfigurationName = Release;
		};
		7647F9C4206D55420039120A /* Build configuration list for PBXNativeTarget "Loteria" */ = {
			isa = XCConfigurationList;
			buildConfigurations = (
				7647F9C5206D55420039120A /* Debug */,
				7647F9C6206D55420039120A /* Release */,
			);
			defaultConfigurationIsVisible = 0;
			defaultConfigurationName = Release;
		};
		7647F9C7206D55420039120A /* Build configuration list for PBXNativeTarget "LoteriaTests" */ = {
			isa = XCConfigurationList;
			buildConfigurations = (
				7647F9C8206D55420039120A /* Debug */,
				7647F9C9206D55420039120A /* Release */,
			);
			defaultConfigurationIsVisible = 0;
			defaultConfigurationName = Release;
		};
		7647F9CA206D55420039120A /* Build configuration list for PBXNativeTarget "LoteriaUITests" */ = {
			isa = XCConfigurationList;
			buildConfigurations = (
				7647F9CB206D55420039120A /* Debug */,
				7647F9CC206D55420039120A /* Release */,
			);
			defaultConfigurationIsVisible = 0;
			defaultConfigurationName = Release;
		};
/* End XCConfigurationList section */
	};
	rootObject = 7647F994206D55410039120A /* Project object */;
}
